
Microsoft Visual Studio Solution File, Format Version 12.00
# Visual Studio Version 16
VisualStudioVersion = 16.0.31019.35
MinimumVisualStudioVersion = 10.0.40219.1
Project("{FAE04EC0-301F-11D3-BF4B-00C04F79EFBC}") = "RestaurantAPI", "RestaurantAPI\RestaurantAPI.csproj", "{24C6F0BB-D105-4101-8E09-0E383034048D}"
EndProject
Global
	GlobalSection(SolutionConfigurationPlatforms) = preSolution
		Debug|Any CPU = Debug|Any CPU
		Release|Any CPU = Release|Any CPU
	EndGlobalSection
	GlobalSection(ProjectConfigurationPlatforms) = postSolution
		{24C6F0BB-D105-4101-8E09-0E383034048D}.Debug|Any CPU.ActiveCfg = Debug|Any CPU
		{24C6F0BB-D105-4101-8E09-0E383034048D}.Debug|Any CPU.Build.0 = Debug|Any CPU
		{24C6F0BB-D105-4101-8E09-0E383034048D}.Release|Any CPU.ActiveCfg = Release|Any CPU
		{24C6F0BB-D105-4101-8E09-0E383034048D}.Release|Any CPU.Build.0 = Release|Any CPU
	EndGlobalSection
	GlobalSection(SolutionProperties) = preSolution
		HideSolutionNode = FALSE
	EndGlobalSection
	GlobalSection(ExtensibilityGlobals) = postSolution
		SolutionGuid = {1B46C4F6-5C4E-4D9E-9AE1-8F757E68C26C}
	EndGlobalSection
EndGlobal
